
Microsoft Visual Studio Solution File, Format Version 12.00
# Visual Studio Version 16
VisualStudioVersion = 16.0.31321.278
MinimumVisualStudioVersion = 10.0.40219.1
Project("{8BC9CEB8-8B4A-11D0-8D11-00A0C91BC942}") = "vmhook-eac", "vmhook-eac.vcxproj", "{42442E7D-1DEC-455C-BD69-931D908F83A8}"
EndProject
Project("{8BC9CEB8-8B4A-11D0-8D11-00A0C91BC942}") = "ZwSwapCert", "dependencies\ZwSwapCert\ZwSwapCert\ZwSwapCert.vcxproj", "{475EA8A7-C1BA-4847-B9C3-198C9738E0C0}"
EndProject
Project("{8BC9CEB8-8B4A-11D0-8D11-00A0C91BC942}") = "vmhook", "dependencies\vmhook\src\vmhook.vcxproj", "{D257C9F6-C705-49D5-84ED-64C9C513C419}"
EndProject
Global
	GlobalSection(SolutionConfigurationPlatforms) = preSolution
		Release|x64 = Release|x64
		Release|x86 = Release|x86
	EndGlobalSection
	GlobalSection(ProjectConfigurationPlatforms) = postSolution
		{42442E7D-1DEC-455C-BD69-931D908F83A8}.Release|x64.ActiveCfg = Release|x64
		{42442E7D-1DEC-455C-BD69-931D908F83A8}.Release|x64.Build.0 = Release|x64
		{42442E7D-1DEC-455C-BD69-931D908F83A8}.Release|x64.Deploy.0 = Release|x64
		{42442E7D-1DEC-455C-BD69-931D908F83A8}.Release|x86.ActiveCfg = Release|x64
		{475EA8A7-C1BA-4847-B9C3-198C9738E0C0}.Release|x64.ActiveCfg = Release|x64
		{475EA8A7-C1BA-4847-B9C3-198C9738E0C0}.Release|x64.Build.0 = Release|x64
		{475EA8A7-C1BA-4847-B9C3-198C9738E0C0}.Release|x64.Deploy.0 = Release|x64
		{475EA8A7-C1BA-4847-B9C3-198C9738E0C0}.Release|x86.ActiveCfg = Release|x64
		{D257C9F6-C705-49D5-84ED-64C9C513C419}.Release|x64.ActiveCfg = Release|x64
		{D257C9F6-C705-49D5-84ED-64C9C513C419}.Release|x64.Build.0 = Release|x64
		{D257C9F6-C705-49D5-84ED-64C9C513C419}.Release|x86.ActiveCfg = Release|Win32
		{D257C9F6-C705-49D5-84ED-64C9C513C419}.Release|x86.Build.0 = Release|Win32
	EndGlobalSection
	GlobalSection(SolutionProperties) = preSolution
		HideSolutionNode = FALSE
	EndGlobalSection
	GlobalSection(ExtensibilityGlobals) = postSolution
		SolutionGuid = {E153699F-009A-44FB-B4D0-C2D97CC204E7}
	EndGlobalSection
EndGlobal
